# This file is automatically @generated by Poetry 1.8.2 and should not be changed by hand.

[[package]]
name = "drjit"
version = "0.4.4"
description = "A Just-In-Time-Compiler for Differentiable Rendering"
optional = false
python-versions = ">=3.8"
files = [
    {file = "drjit-0.4.4-cp310-cp310-macosx_10_14_x86_64.whl", hash = "sha256:1a105be0b224531a8468e2362bcbe36d53bf98c5e9e4367dc0128b34f4183856"},
    {file = "drjit-0.4.4-cp310-cp310-macosx_11_0_arm64.whl", hash = "sha256:4000a28866be7a988868a89b0b98501651a365fc69647fd05fb4c67b9886593c"},
    {file = "drjit-0.4.4-cp310-cp310-manylinux_2_17_x86_64.manylinux2014_x86_64.whl", hash = "sha256:a564dc5bc197df1f76a32fc2b7e72876c7982280f5bbbf678e3893cd094007c0"},
    {file = "drjit-0.4.4-cp310-cp310-win_amd64.whl", hash = "sha256:caa35fecbf53cbfb5032717a2f0e37abd1a4faad267ed43b5d24d20bcc3d1e85"},
    {file = "drjit-0.4.4-cp311-cp311-macosx_10_14_x86_64.whl", hash = "sha256:d4975e1ba784a5ed4ab98d824296269bfb31d4cd0f362ef047e63ad8887fc959"},
    {file = "drjit-0.4.4-cp311-cp311-macosx_11_0_arm64.whl", hash = "sha256:139ff69aa5befc455b4343cd2f108ec7c21a0211734a4d1e8474cfca23015bc1"},
    {file = "drjit-0.4.4-cp311-cp311-manylinux_2_17_x86_64.manylinux2014_x86_64.whl", hash = "sha256:ab3711c75ca5916ed293b58a760150defca85a7b8e5e9b291c060c5eb73601ae"},
    {file = "drjit-0.4.4-cp311-cp311-win_amd64.whl", hash = "sha256:738436a44aba0e5881c444af4d0701432ef4623ec2ea22bd4e9d7ac60ee04091"},
    {file = "drjit-0.4.4-cp312-cp312-macosx_10_14_x86_64.whl", hash = "sha256:cf6bffb1271d5dbbe37546d205a2e9b1988f7ab02456ad431e5fa79eeb2dff64"},
    {file = "drjit-0.4.4-cp312-cp312-macosx_11_0_arm64.whl", hash = "sha256:8f66773219fb2588994677b23729a98e4fb60bd0836a9baca27339abc39664cf"},
    {file = "drjit-0.4.4-cp312-cp312-manylinux_2_17_x86_64.manylinux2014_x86_64.whl", hash = "sha256:a354d8d1b1e993d2d4222eddb69b0629646e9bcb38df186bf57bbfc36a3e75aa"},
    {file = "drjit-0.4.4-cp312-cp312-win_amd64.whl", hash = "sha256:f2c93d108a435a2ea66d9516ee418ecdd7052b558363f304d8577439ffdcf4f6"},
    {file = "drjit-0.4.4-cp38-cp38-macosx_10_14_x86_64.whl", hash = "sha256:f750178c0380aa399cb17709d9835456f08e6dbc125e980b1e735711baf080fb"},
    {file = "drjit-0.4.4-cp38-cp38-macosx_11_0_arm64.whl", hash = "sha256:2fa3343a602d6e2964298d20a255d58a4ea7aa9a102939e0344aafcff3494fed"},
    {file = "drjit-0.4.4-cp38-cp38-manylinux_2_17_x86_64.manylinux2014_x86_64.whl", hash = "sha256:519a339b7f5154cd4083eb14737325952fcee4a8d1785d7591ca5e30a51d4643"},
    {file = "drjit-0.4.4-cp38-cp38-win_amd64.whl", hash = "sha256:4324101859452cac4cc3e3572967e0d5f657fa21b19d7cee28d979604c67a51d"},
    {file = "drjit-0.4.4-cp39-cp39-macosx_10_14_x86_64.whl", hash = "sha256:35b83fe7072f7088d37218cafc07219f093ea334f474705f52947a544a3726b5"},
    {file = "drjit-0.4.4-cp39-cp39-macosx_11_0_arm64.whl", hash = "sha256:7b4dcff29d1958ee5f1ed4df9877779e69df7ba4ac0ebdfc52c025638a39403f"},
    {file = "drjit-0.4.4-cp39-cp39-manylinux_2_17_x86_64.manylinux2014_x86_64.whl", hash = "sha256:63de4059e334a2d26fccf40887a5fca59da6c8d60caabbb238395473e2271f8e"},
    {file = "drjit-0.4.4-cp39-cp39-win_amd64.whl", hash = "sha256:0f0d49eedbdfb74ae37e72eed320119760eacdc253f606eaa26c830a1392d35d"},
]

[[package]]
name = "mitsuba"
version = "3.5.0"
description = "3: A Retargetable Forward and Inverse Renderer"
optional = false
python-versions = ">=3.8"
files = [
    {file = "mitsuba-3.5.0-cp310-cp310-macosx_10_14_x86_64.whl", hash = "sha256:f78662ea361442e14382c615eb38e93522b4b841fcdc8eb41b5246c220cdf4a4"},
    {file = "mitsuba-3.5.0-cp310-cp310-macosx_11_0_arm64.whl", hash = "sha256:c0ab65ad2b9d62992eaedd4bd57c3b381f4a89bffe148d752be3b8c2ad11abdd"},
    {file = "mitsuba-3.5.0-cp310-cp310-manylinux2014_x86_64.manylinux_2_17_x86_64.whl", hash = "sha256:1dcf6d06a03042fdd9dcc829023c65683924b2e0a60a0d64b63b78a14ff51720"},
    {file = "mitsuba-3.5.0-cp310-cp310-win_amd64.whl", hash = "sha256:13e223f15ca3637291a52d61c41e5a0e9c4466d94afcade26e6d4f390c568731"},
    {file = "mitsuba-3.5.0-cp311-cp311-macosx_10_14_x86_64.whl", hash = "sha256:6a9b0915cea05dc8f3bfc5711fce46a1dbda6f7ebfa5316159dc8925b7802c95"},
    {file = "mitsuba-3.5.0-cp311-cp311-macosx_11_0_arm64.whl", hash = "sha256:5d8123ce025ec6d3e97e709ba261ac49f6612058e483ddd53315922b860869cc"},
    {file = "mitsuba-3.5.0-cp311-cp311-manylinux2014_x86_64.manylinux_2_17_x86_64.whl", hash = "sha256:2b83e44418098cab5cbbf8d644505664471dc171625d0a9df162873a2c97b2ce"},
    {file = "mitsuba-3.5.0-cp311-cp311-win_amd64.whl", hash = "sha256:60686f74d6cf7e511bf153ad5402946256959e0801bcdfe8e96c7fb571cb8276"},
    {file = "mitsuba-3.5.0-cp312-cp312-macosx_10_14_x86_64.whl", hash = "sha256:98e9e633e07628c1a80dac90f0057404fe5f506325047c544412e3c1e8d77f85"},
    {file = "mitsuba-3.5.0-cp312-cp312-macosx_11_0_arm64.whl", hash = "sha256:5f1e2f4a433c956a9c9fadcb270f4f3bfdffb0eeb320df3acb72c9fc88c192ef"},
    {file = "mitsuba-3.5.0-cp312-cp312-manylinux2014_x86_64.manylinux_2_17_x86_64.whl", hash = "sha256:5cd059d3e553b477c0592bccedf5b8927f3fb24fc131017c426def80fba478f1"},
    {file = "mitsuba-3.5.0-cp312-cp312-win_amd64.whl", hash = "sha256:db8c2c1785d08526452d1c63b5ac817472ac6c0b152e52c1ab8080f4ec61c9c5"},
    {file = "mitsuba-3.5.0-cp38-cp38-macosx_10_14_x86_64.whl", hash = "sha256:4bb21fbf2e9499c493d0ae60d19eb596bee7430492c81742aaf87ad707939e1b"},
    {file = "mitsuba-3.5.0-cp38-cp38-macosx_11_0_arm64.whl", hash = "sha256:e7bc439e47af2148d29cde913f00269c4e7cb33ddeb79b742c093e9a143caff7"},
    {file = "mitsuba-3.5.0-cp38-cp38-manylinux2014_x86_64.manylinux_2_17_x86_64.whl", hash = "sha256:ab13662718b831f8b68de36f505f2f5b70fad4d1078814da46a52798cae70676"},
    {file = "mitsuba-3.5.0-cp38-cp38-win_amd64.whl", hash = "sha256:8fed9b9c73c4310ba3f9b0995470c9b4188ee41fb45468808e6fdab2cb5f7a80"},
    {file = "mitsuba-3.5.0-cp39-cp39-macosx_10_14_x86_64.whl", hash = "sha256:f1a0e86a0d7e2ba30a4eebef15024978d9399940ea845995394fdb8386cd10d8"},
    {file = "mitsuba-3.5.0-cp39-cp39-macosx_11_0_arm64.whl", hash = "sha256:dfcd6602d92c1261cffa5542919e775f3ca1a7a9f197b47d3d1df8d62f87e858"},
    {file = "mitsuba-3.5.0-cp39-cp39-manylinux2014_x86_64.manylinux_2_17_x86_64.whl", hash = "sha256:7411b572cdf1b84d47aafb8526d0d9ec364545b8c7f3fba83a8d5c0daaa69018"},
    {file = "mitsuba-3.5.0-cp39-cp39-win_amd64.whl", hash = "sha256:e85cc435993f0633bc5ae7d8307cf5db58300edf3b586ebbae7e1b95f4478f41"},
]

[package.dependencies]
drjit = "0.4.4"

[metadata]
lock-version = "2.0"
python-versions = "^3.10, <3.12"
content-hash = "d13a940e93e2eef3278d9f2adb6aebc3e845c583a8301b3c9a2dd04f77b8e5a0"
